// !$*UTF8*$!
{
	archiveVersion = 1;
	classes = {
	};
	objectVersion = 56;
	objects = {

/* Begin PBXBuildFile section */
		F61EE0A0297DF24B00ED0423 /* AppDelegate.swift in Sources */ = {isa = PBXBuildFile; fileRef = F61EE09F297DF24B00ED0423 /* AppDelegate.swift */; };
		F61EE0A2297DF24B00ED0423 /* GameScene.sks in Resources */ = {isa = PBXBuildFile; fileRef = F61EE0A1297DF24B00ED0423 /* GameScene.sks */; };
		F61EE0A4297DF24B00ED0423 /* Actions.sks in Resources */ = {isa = PBXBuildFile; fileRef = F61EE0A3297DF24B00ED0423 /* Actions.sks */; };
		F61EE0A6297DF24B00ED0423 /* GameScene.swift in Sources */ = {isa = PBXBuildFile; fileRef = F61EE0A5297DF24B00ED0423 /* GameScene.swift */; };
		F61EE0A8297DF24B00ED0423 /* GameViewController.swift in Sources */ = {isa = PBXBuildFile; fileRef = F61EE0A7297DF24B00ED0423 /* GameViewController.swift */; };
		F61EE0AB297DF24B00ED0423 /* Main.storyboard in Resources */ = {isa = PBXBuildFile; fileRef = F61EE0A9297DF24B00ED0423 /* Main.storyboard */; };
		F61EE0AD297DF24B00ED0423 /* Assets.xcassets in Resources */ = {isa = PBXBuildFile; fileRef = F61EE0AC297DF24B00ED0423 /* Assets.xcassets */; };
		F61EE0B0297DF24B00ED0423 /* LaunchScreen.storyboard in Resources */ = {isa = PBXBuildFile; fileRef = F61EE0AE297DF24B00ED0423 /* LaunchScreen.storyboard */; };
		F61EE0BA297DF24B00ED0423 /* Plane_GameTests.swift in Sources */ = {isa = PBXBuildFile; fileRef = F61EE0B9297DF24B00ED0423 /* Plane_GameTests.swift */; };
		F61EE0C4297DF24B00ED0423 /* Plane_GameUITests.swift in Sources */ = {isa = PBXBuildFile; fileRef = F61EE0C3297DF24B00ED0423 /* Plane_GameUITests.swift */; };
		F61EE0C6297DF24B00ED0423 /* Plane_GameUITestsLaunchTests.swift in Sources */ = {isa = PBXBuildFile; fileRef = F61EE0C5297DF24B00ED0423 /* Plane_GameUITestsLaunchTests.swift */; };
		F61EE0EE297DF2FF00ED0423 /* GameObject.swift in Sources */ = {isa = PBXBuildFile; fileRef = F61EE0ED297DF2FF00ED0423 /* GameObject.swift */; };
		F61EE0F0297DF32D00ED0423 /* GameProtocol.swift in Sources */ = {isa = PBXBuildFile; fileRef = F61EE0EF297DF32D00ED0423 /* GameProtocol.swift */; };
		F61EE0F2297DF49D00ED0423 /* Ocean.swift in Sources */ = {isa = PBXBuildFile; fileRef = F61EE0F1297DF49D00ED0423 /* Ocean.swift */; };
		F61EE0F4297DFDCE00ED0423 /* Player.swift in Sources */ = {isa = PBXBuildFile; fileRef = F61EE0F3297DFDCE00ED0423 /* Player.swift */; };
		F6211FF029909121006EF013 /* CollisionManager.swift in Sources */ = {isa = PBXBuildFile; fileRef = F6211FEF29909121006EF013 /* CollisionManager.swift */; };
		F6211FF129909D33006EF013 /* yay.ogg in Resources */ = {isa = PBXBuildFile; fileRef = F61EE0E6297DF2A000ED0423 /* yay.ogg */; };
		F6211FF229909D35006EF013 /* thunder.ogg in Resources */ = {isa = PBXBuildFile; fileRef = F61EE0E5297DF2A000ED0423 /* thunder.ogg */; };
		F6211FF329909D38006EF013 /* engine.ogg in Resources */ = {isa = PBXBuildFile; fileRef = F61EE0E7297DF2A000ED0423 /* engine.ogg */; };
		F6211FF429909D3B006EF013 /* engine.mp3 in Resources */ = {isa = PBXBuildFile; fileRef = F61EE0E8297DF2A000ED0423 /* engine.mp3 */; };
		F6211FF529909D3E006EF013 /* thunder.mp3 in Resources */ = {isa = PBXBuildFile; fileRef = F61EE0E9297DF2A000ED0423 /* thunder.mp3 */; };
		F6211FF629909D40006EF013 /* yay.mp3 in Resources */ = {isa = PBXBuildFile; fileRef = F61EE0EA297DF2A000ED0423 /* yay.mp3 */; };
		F6211FF82990A11E006EF013 /* ScoreManager.swift in Sources */ = {isa = PBXBuildFile; fileRef = F6211FF72990A11E006EF013 /* ScoreManager.swift */; };
		F65F514D2999D8CE000E3817 /* StartScene.sks in Resources */ = {isa = PBXBuildFile; fileRef = F65F514C2999D8CE000E3817 /* StartScene.sks */; };
		F65F514F2999D973000E3817 /* StartScene.swift in Sources */ = {isa = PBXBuildFile; fileRef = F65F514E2999D973000E3817 /* StartScene.swift */; };
		F65F51512999E0CB000E3817 /* Dock51.ttf in Resources */ = {isa = PBXBuildFile; fileRef = F61EE0EC297DF2A000ED0423 /* Dock51.ttf */; };
		F65F51532999E4D8000E3817 /* EndScene.sks in Resources */ = {isa = PBXBuildFile; fileRef = F65F51522999E4D8000E3817 /* EndScene.sks */; };
		F65F51552999E4F7000E3817 /* EndScene.swift in Sources */ = {isa = PBXBuildFile; fileRef = F65F51542999E4F7000E3817 /* EndScene.swift */; };
		F6729A5629872BAE00464472 /* Layer.swift in Sources */ = {isa = PBXBuildFile; fileRef = F6729A5529872BAE00464472 /* Layer.swift */; };
		F6729A5829872D2600464472 /* Cloud.swift in Sources */ = {isa = PBXBuildFile; fileRef = F6729A5729872D2600464472 /* Cloud.swift */; };
		F6729A5A2987302B00464472 /* Island.swift in Sources */ = {isa = PBXBuildFile; fileRef = F6729A592987302B00464472 /* Island.swift */; };
/* End PBXBuildFile section */

/* Begin PBXContainerItemProxy section */
		F61EE0B6297DF24B00ED0423 /* PBXContainerItemProxy */ = {
			isa = PBXContainerItemProxy;
			containerPortal = F61EE094297DF24B00ED0423 /* Project object */;
			proxyType = 1;
			remoteGlobalIDString = F61EE09B297DF24B00ED0423;
			remoteInfo = "Plane Game";
		};
		F61EE0C0297DF24B00ED0423 /* PBXContainerItemProxy */ = {
			isa = PBXContainerItemProxy;
			containerPortal = F61EE094297DF24B00ED0423 /* Project object */;
			proxyType = 1;
			remoteGlobalIDString = F61EE09B297DF24B00ED0423;
			remoteInfo = "Plane Game";
		};
/* End PBXContainerItemProxy section */

/* Begin PBXFileReference section */
		F61EE09C297DF24B00ED0423 /* Plane Game.app */ = {isa = PBXFileReference; explicitFileType = wrapper.application; includeInIndex = 0; path = "Plane Game.app"; sourceTree = BUILT_PRODUCTS_DIR; };
		F61EE09F297DF24B00ED0423 /* AppDelegate.swift */ = {isa = PBXFileReference; lastKnownFileType = sourcecode.swift; path = AppDelegate.swift; sourceTree = "<group>"; };
		F61EE0A1297DF24B00ED0423 /* GameScene.sks */ = {isa = PBXFileReference; lastKnownFileType = file.sks; path = GameScene.sks; sourceTree = "<group>"; };
		F61EE0A3297DF24B00ED0423 /* Actions.sks */ = {isa = PBXFileReference; lastKnownFileType = file.sks; path = Actions.sks; sourceTree = "<group>"; };
		F61EE0A5297DF24B00ED0423 /* GameScene.swift */ = {isa = PBXFileReference; lastKnownFileType = sourcecode.swift; path = GameScene.swift; sourceTree = "<group>"; };
		F61EE0A7297DF24B00ED0423 /* GameViewController.swift */ = {isa = PBXFileReference; lastKnownFileType = sourcecode.swift; path = GameViewController.swift; sourceTree = "<group>"; };
		F61EE0AA297DF24B00ED0423 /* Base */ = {isa = PBXFileReference; lastKnownFileType = file.storyboard; name = Base; path = Base.lproj/Main.storyboard; sourceTree = "<group>"; };
		F61EE0AC297DF24B00ED0423 /* Assets.xcassets */ = {isa = PBXFileReference; lastKnownFileType = folder.assetcatalog; path = Assets.xcassets; sourceTree = "<group>"; };
		F61EE0AF297DF24B00ED0423 /* Base */ = {isa = PBXFileReference; lastKnownFileType = file.storyboard; name = Base; path = Base.lproj/LaunchScreen.storyboard; sourceTree = "<group>"; };
		F61EE0B5297DF24B00ED0423 /* Plane GameTests.xctest */ = {isa = PBXFileReference; explicitFileType = wrapper.cfbundle; includeInIndex = 0; path = "Plane GameTests.xctest"; sourceTree = BUILT_PRODUCTS_DIR; };
		F61EE0B9297DF24B00ED0423 /* Plane_GameTests.swift */ = {isa = PBXFileReference; lastKnownFileType = sourcecode.swift; path = Plane_GameTests.swift; sourceTree = "<group>"; };
		F61EE0BF297DF24B00ED0423 /* Plane GameUITests.xctest */ = {isa = PBXFileReference; explicitFileType = wrapper.cfbundle; includeInIndex = 0; path = "Plane GameUITests.xctest"; sourceTree = BUILT_PRODUCTS_DIR; };
		F61EE0C3297DF24B00ED0423 /* Plane_GameUITests.swift */ = {isa = PBXFileReference; lastKnownFileType = sourcecode.swift; path = Plane_GameUITests.swift; sourceTree = "<group>"; };
		F61EE0C5297DF24B00ED0423 /* Plane_GameUITestsLaunchTests.swift */ = {isa = PBXFileReference; lastKnownFileType = sourcecode.swift; path = Plane_GameUITestsLaunchTests.swift; sourceTree = "<group>"; };
		F61EE0D9297DF2A000ED0423 /* plane3.png */ = {isa = PBXFileReference; lastKnownFileType = image.png; path = plane3.png; sourceTree = "<group>"; };
		F61EE0DA297DF2A000ED0423 /* plane2.png */ = {isa = PBXFileReference; lastKnownFileType = image.png; path = plane2.png; sourceTree = "<group>"; };
		F61EE0DB297DF2A000ED0423 /* plane1.png */ = {isa = PBXFileReference; lastKnownFileType = image.png; path = plane1.png; sourceTree = "<group>"; };
		F61EE0DC297DF2A000ED0423 /* backButton.png */ = {isa = PBXFileReference; lastKnownFileType = image.png; path = backButton.png; sourceTree = "<group>"; };
		F61EE0DD297DF2A000ED0423 /* plane.png */ = {isa = PBXFileReference; lastKnownFileType = image.png; path = plane.png; sourceTree = "<group>"; };
		F61EE0DE297DF2A000ED0423 /* island.png */ = {isa = PBXFileReference; lastKnownFileType = image.png; path = island.png; sourceTree = "<group>"; };
		F61EE0DF297DF2A000ED0423 /* ocean.gif */ = {isa = PBXFileReference; lastKnownFileType = image.gif; path = ocean.gif; sourceTree = "<group>"; };
		F61EE0E0297DF2A000ED0423 /* cloud.png */ = {isa = PBXFileReference; lastKnownFileType = image.png; path = cloud.png; sourceTree = "<group>"; };
		F61EE0E1297DF2A000ED0423 /* nextButton.png */ = {isa = PBXFileReference; lastKnownFileType = image.png; path = nextButton.png; sourceTree = "<group>"; };
		F61EE0E2297DF2A000ED0423 /* ocean.png */ = {isa = PBXFileReference; lastKnownFileType = image.png; path = ocean.png; sourceTree = "<group>"; };
		F61EE0E3297DF2A000ED0423 /* startButton.png */ = {isa = PBXFileReference; lastKnownFileType = image.png; path = startButton.png; sourceTree = "<group>"; };
		F61EE0E5297DF2A000ED0423 /* thunder.ogg */ = {isa = PBXFileReference; lastKnownFileType = file; path = thunder.ogg; sourceTree = "<group>"; };
		F61EE0E6297DF2A000ED0423 /* yay.ogg */ = {isa = PBXFileReference; lastKnownFileType = file; path = yay.ogg; sourceTree = "<group>"; };
		F61EE0E7297DF2A000ED0423 /* engine.ogg */ = {isa = PBXFileReference; lastKnownFileType = file; path = engine.ogg; sourceTree = "<group>"; };
		F61EE0E8297DF2A000ED0423 /* engine.mp3 */ = {isa = PBXFileReference; lastKnownFileType = audio.mp3; path = engine.mp3; sourceTree = "<group>"; };
		F61EE0E9297DF2A000ED0423 /* thunder.mp3 */ = {isa = PBXFileReference; lastKnownFileType = audio.mp3; path = thunder.mp3; sourceTree = "<group>"; };
		F61EE0EA297DF2A000ED0423 /* yay.mp3 */ = {isa = PBXFileReference; lastKnownFileType = audio.mp3; path = yay.mp3; sourceTree = "<group>"; };
		F61EE0EC297DF2A000ED0423 /* Dock51.ttf */ = {isa = PBXFileReference; lastKnownFileType = file; path = Dock51.ttf; sourceTree = "<group>"; };
		F61EE0ED297DF2FF00ED0423 /* GameObject.swift */ = {isa = PBXFileReference; lastKnownFileType = sourcecode.swift; path = GameObject.swift; sourceTree = "<group>"; };
		F61EE0EF297DF32D00ED0423 /* GameProtocol.swift */ = {isa = PBXFileReference; lastKnownFileType = sourcecode.swift; path = GameProtocol.swift; sourceTree = "<group>"; };
		F61EE0F1297DF49D00ED0423 /* Ocean.swift */ = {isa = PBXFileReference; lastKnownFileType = sourcecode.swift; path = Ocean.swift; sourceTree = "<group>"; };
		F61EE0F3297DFDCE00ED0423 /* Player.swift */ = {isa = PBXFileReference; lastKnownFileType = sourcecode.swift; path = Player.swift; sourceTree = "<group>"; };
		F6211FEF29909121006EF013 /* CollisionManager.swift */ = {isa = PBXFileReference; lastKnownFileType = sourcecode.swift; path = CollisionManager.swift; sourceTree = "<group>"; };
		F6211FF72990A11E006EF013 /* ScoreManager.swift */ = {isa = PBXFileReference; lastKnownFileType = sourcecode.swift; path = ScoreManager.swift; sourceTree = "<group>"; };
		F65F514C2999D8CE000E3817 /* StartScene.sks */ = {isa = PBXFileReference; lastKnownFileType = file.sks; path = StartScene.sks; sourceTree = "<group>"; };
		F65F514E2999D973000E3817 /* StartScene.swift */ = {isa = PBXFileReference; lastKnownFileType = sourcecode.swift; path = StartScene.swift; sourceTree = "<group>"; };
		F65F51502999E098000E3817 /* Plane-Game-Info.plist */ = {isa = PBXFileReference; lastKnownFileType = text.plist; path = "Plane-Game-Info.plist"; sourceTree = SOURCE_ROOT; };
		F65F51522999E4D8000E3817 /* EndScene.sks */ = {isa = PBXFileReference; lastKnownFileType = file.sks; path = EndScene.sks; sourceTree = "<group>"; };
		F65F51542999E4F7000E3817 /* EndScene.swift */ = {isa = PBXFileReference; lastKnownFileType = sourcecode.swift; path = EndScene.swift; sourceTree = "<group>"; };
		F6729A5529872BAE00464472 /* Layer.swift */ = {isa = PBXFileReference; lastKnownFileType = sourcecode.swift; path = Layer.swift; sourceTree = "<group>"; };
		F6729A5729872D2600464472 /* Cloud.swift */ = {isa = PBXFileReference; lastKnownFileType = sourcecode.swift; path = Cloud.swift; sourceTree = "<group>"; };
		F6729A592987302B00464472 /* Island.swift */ = {isa = PBXFileReference; lastKnownFileType = sourcecode.swift; path = Island.swift; sourceTree = "<group>"; };
/* End PBXFileReference section */

/* Begin PBXFrameworksBuildPhase section */
		F61EE099297DF24B00ED0423 /* Frameworks */ = {
			isa = PBXFrameworksBuildPhase;
			buildActionMask = 2147483647;
			files = (
			);
			runOnlyForDeploymentPostprocessing = 0;
		};
		F61EE0B2297DF24B00ED0423 /* Frameworks */ = {
			isa = PBXFrameworksBuildPhase;
			buildActionMask = 2147483647;
			files = (
			);
			runOnlyForDeploymentPostprocessing = 0;
		};
		F61EE0BC297DF24B00ED0423 /* Frameworks */ = {
			isa = PBXFrameworksBuildPhase;
			buildActionMask = 2147483647;
			files = (
			);
			runOnlyForDeploymentPostprocessing = 0;
		};
/* End PBXFrameworksBuildPhase section */

/* Begin PBXGroup section */
		F61EE093297DF24B00ED0423 = {
			isa = PBXGroup;
			children = (
				F65F514B2999D870000E3817 /* Scenes */,
				F6211FEE29909109006EF013 /* Managers */,
				F61EE0D7297DF2A000ED0423 /* Assets */,
				F61EE0D4297DF28200ED0423 /* Core */,
				F61EE0D2297DF26B00ED0423 /* GameObjects */,
				F61EE09E297DF24B00ED0423 /* Plane Game */,
				F61EE0B8297DF24B00ED0423 /* Plane GameTests */,
				F61EE0C2297DF24B00ED0423 /* Plane GameUITests */,
				F61EE09D297DF24B00ED0423 /* Products */,
			);
			sourceTree = "<group>";
		};
		F61EE09D297DF24B00ED0423 /* Products */ = {
			isa = PBXGroup;
			children = (
				F61EE09C297DF24B00ED0423 /* Plane Game.app */,
				F61EE0B5297DF24B00ED0423 /* Plane GameTests.xctest */,
				F61EE0BF297DF24B00ED0423 /* Plane GameUITests.xctest */,
			);
			name = Products;
			sourceTree = "<group>";
		};
		F61EE09E297DF24B00ED0423 /* Plane Game */ = {
			isa = PBXGroup;
			children = (
				F65F51502999E098000E3817 /* Plane-Game-Info.plist */,
				F61EE09F297DF24B00ED0423 /* AppDelegate.swift */,
				F61EE0A3297DF24B00ED0423 /* Actions.sks */,
				F61EE0A7297DF24B00ED0423 /* GameViewController.swift */,
				F61EE0A9297DF24B00ED0423 /* Main.storyboard */,
				F61EE0AC297DF24B00ED0423 /* Assets.xcassets */,
				F61EE0AE297DF24B00ED0423 /* LaunchScreen.storyboard */,
			);
			path = "Plane Game";
			sourceTree = "<group>";
		};
		F61EE0B8297DF24B00ED0423 /* Plane GameTests */ = {
			isa = PBXGroup;
			children = (
				F61EE0B9297DF24B00ED0423 /* Plane_GameTests.swift */,
			);
			path = "Plane GameTests";
			sourceTree = "<group>";
		};
		F61EE0C2297DF24B00ED0423 /* Plane GameUITests */ = {
			isa = PBXGroup;
			children = (
				F61EE0C3297DF24B00ED0423 /* Plane_GameUITests.swift */,
				F61EE0C5297DF24B00ED0423 /* Plane_GameUITestsLaunchTests.swift */,
			);
			path = "Plane GameUITests";
			sourceTree = "<group>";
		};
		F61EE0D2297DF26B00ED0423 /* GameObjects */ = {
			isa = PBXGroup;
			children = (
				F61EE0F1297DF49D00ED0423 /* Ocean.swift */,
				F61EE0F3297DFDCE00ED0423 /* Player.swift */,
				F6729A5729872D2600464472 /* Cloud.swift */,
				F6729A592987302B00464472 /* Island.swift */,
			);
			path = GameObjects;
			sourceTree = "<group>";
		};
		F61EE0D4297DF28200ED0423 /* Core */ = {
			isa = PBXGroup;
			children = (
				F61EE0ED297DF2FF00ED0423 /* GameObject.swift */,
				F61EE0EF297DF32D00ED0423 /* GameProtocol.swift */,
				F6729A5529872BAE00464472 /* Layer.swift */,
			);
			path = Core;
			sourceTree = "<group>";
		};
		F61EE0D7297DF2A000ED0423 /* Assets */ = {
			isa = PBXGroup;
			children = (
				F61EE0D8297DF2A000ED0423 /* images */,
				F61EE0E4297DF2A000ED0423 /* audio */,
				F61EE0EB297DF2A000ED0423 /* fonts */,
			);
			path = Assets;
			sourceTree = "<group>";
		};
		F61EE0D8297DF2A000ED0423 /* images */ = {
			isa = PBXGroup;
			children = (
				F61EE0D9297DF2A000ED0423 /* plane3.png */,
				F61EE0DA297DF2A000ED0423 /* plane2.png */,
				F61EE0DB297DF2A000ED0423 /* plane1.png */,
				F61EE0DC297DF2A000ED0423 /* backButton.png */,
				F61EE0DD297DF2A000ED0423 /* plane.png */,
				F61EE0DE297DF2A000ED0423 /* island.png */,
				F61EE0DF297DF2A000ED0423 /* ocean.gif */,
				F61EE0E0297DF2A000ED0423 /* cloud.png */,
				F61EE0E1297DF2A000ED0423 /* nextButton.png */,
				F61EE0E2297DF2A000ED0423 /* ocean.png */,
				F61EE0E3297DF2A000ED0423 /* startButton.png */,
			);
			path = images;
			sourceTree = "<group>";
		};
		F61EE0E4297DF2A000ED0423 /* audio */ = {
			isa = PBXGroup;
			children = (
				F61EE0E5297DF2A000ED0423 /* thunder.ogg */,
				F61EE0E6297DF2A000ED0423 /* yay.ogg */,
				F61EE0E7297DF2A000ED0423 /* engine.ogg */,
				F61EE0E8297DF2A000ED0423 /* engine.mp3 */,
				F61EE0E9297DF2A000ED0423 /* thunder.mp3 */,
				F61EE0EA297DF2A000ED0423 /* yay.mp3 */,
			);
			path = audio;
			sourceTree = "<group>";
		};
		F61EE0EB297DF2A000ED0423 /* fonts */ = {
			isa = PBXGroup;
			children = (
				F61EE0EC297DF2A000ED0423 /* Dock51.ttf */,
			);
			path = fonts;
			sourceTree = "<group>";
		};
		F6211FEE29909109006EF013 /* Managers */ = {
			isa = PBXGroup;
			children = (
				F6211FEF29909121006EF013 /* CollisionManager.swift */,
				F6211FF72990A11E006EF013 /* ScoreManager.swift */,
			);
			path = Managers;
			sourceTree = "<group>";
		};
		F65F514B2999D870000E3817 /* Scenes */ = {
			isa = PBXGroup;
			children = (
				F61EE0A1297DF24B00ED0423 /* GameScene.sks */,
				F61EE0A5297DF24B00ED0423 /* GameScene.swift */,
				F65F514C2999D8CE000E3817 /* StartScene.sks */,
				F65F514E2999D973000E3817 /* StartScene.swift */,
				F65F51522999E4D8000E3817 /* EndScene.sks */,
				F65F51542999E4F7000E3817 /* EndScene.swift */,
			);
			path = Scenes;
			sourceTree = "<group>";
		};
/* End PBXGroup section */

/* Begin PBXNativeTarget section */
		F61EE09B297DF24B00ED0423 /* Plane Game */ = {
			isa = PBXNativeTarget;
			buildConfigurationList = F61EE0C9297DF24B00ED0423 /* Build configuration list for PBXNativeTarget "Plane Game" */;
			buildPhases = (
				F61EE098297DF24B00ED0423 /* Sources */,
				F61EE099297DF24B00ED0423 /* Frameworks */,
				F61EE09A297DF24B00ED0423 /* Resources */,
			);
			buildRules = (
			);
			dependencies = (
			);
			name = "Plane Game";
			productName = "Plane Game";
			productReference = F61EE09C297DF24B00ED0423 /* Plane Game.app */;
			productType = "com.apple.product-type.application";
		};
		F61EE0B4297DF24B00ED0423 /* Plane GameTests */ = {
			isa = PBXNativeTarget;
			buildConfigurationList = F61EE0CC297DF24B00ED0423 /* Build configuration list for PBXNativeTarget "Plane GameTests" */;
			buildPhases = (
				F61EE0B1297DF24B00ED0423 /* Sources */,
				F61EE0B2297DF24B00ED0423 /* Frameworks */,
				F61EE0B3297DF24B00ED0423 /* Resources */,
			);
			buildRules = (
			);
			dependencies = (
				F61EE0B7297DF24B00ED0423 /* PBXTargetDependency */,
			);
			name = "Plane GameTests";
			productName = "Plane GameTests";
			productReference = F61EE0B5297DF24B00ED0423 /* Plane GameTests.xctest */;
			productType = "com.apple.product-type.bundle.unit-test";
		};
		F61EE0BE297DF24B00ED0423 /* Plane GameUITests */ = {
			isa = PBXNativeTarget;
			buildConfigurationList = F61EE0CF297DF24B00ED0423 /* Build configuration list for PBXNativeTarget "Plane GameUITests" */;
			buildPhases = (
				F61EE0BB297DF24B00ED0423 /* Sources */,
				F61EE0BC297DF24B00ED0423 /* Frameworks */,
				F61EE0BD297DF24B00ED0423 /* Resources */,
			);
			buildRules = (
			);
			dependencies = (
				F61EE0C1297DF24B00ED0423 /* PBXTargetDependency */,
			);
			name = "Plane GameUITests";
			productName = "Plane GameUITests";
			productReference = F61EE0BF297DF24B00ED0423 /* Plane GameUITests.xctest */;
			productType = "com.apple.product-type.bundle.ui-testing";
		};
/* End PBXNativeTarget section */

/* Begin PBXProject section */
		F61EE094297DF24B00ED0423 /* Project object */ = {
			isa = PBXProject;
			attributes = {
				BuildIndependentTargetsInParallel = 1;
				LastSwiftUpdateCheck = 1420;
				LastUpgradeCheck = 1420;
				TargetAttributes = {
					F61EE09B297DF24B00ED0423 = {
						CreatedOnToolsVersion = 14.2;
					};
					F61EE0B4297DF24B00ED0423 = {
						CreatedOnToolsVersion = 14.2;
						TestTargetID = F61EE09B297DF24B00ED0423;
					};
					F61EE0BE297DF24B00ED0423 = {
						CreatedOnToolsVersion = 14.2;
						TestTargetID = F61EE09B297DF24B00ED0423;
					};
				};
			};
			buildConfigurationList = F61EE097297DF24B00ED0423 /* Build configuration list for PBXProject "Plane Game" */;
			compatibilityVersion = "Xcode 14.0";
			developmentRegion = en;
			hasScannedForEncodings = 0;
			knownRegions = (
				en,
				Base,
			);
			mainGroup = F61EE093297DF24B00ED0423;
			productRefGroup = F61EE09D297DF24B00ED0423 /* Products */;
			projectDirPath = "";
			projectRoot = "";
			targets = (
				F61EE09B297DF24B00ED0423 /* Plane Game */,
				F61EE0B4297DF24B00ED0423 /* Plane GameTests */,
				F61EE0BE297DF24B00ED0423 /* Plane GameUITests */,
			);
		};
/* End PBXProject section */

/* Begin PBXResourcesBuildPhase section */
		F61EE09A297DF24B00ED0423 /* Resources */ = {
			isa = PBXResourcesBuildPhase;
			buildActionMask = 2147483647;
			files = (
				F61EE0AB297DF24B00ED0423 /* Main.storyboard in Resources */,
				F6211FF629909D40006EF013 /* yay.mp3 in Resources */,
				F6211FF529909D3E006EF013 /* thunder.mp3 in Resources */,
				F61EE0A2297DF24B00ED0423 /* GameScene.sks in Resources */,
				F65F51532999E4D8000E3817 /* EndScene.sks in Resources */,
				F61EE0AD297DF24B00ED0423 /* Assets.xcassets in Resources */,
				F6211FF329909D38006EF013 /* engine.ogg in Resources */,
				F6211FF129909D33006EF013 /* yay.ogg in Resources */,
				F61EE0B0297DF24B00ED0423 /* LaunchScreen.storyboard in Resources */,
				F61EE0A4297DF24B00ED0423 /* Actions.sks in Resources */,
				F65F514D2999D8CE000E3817 /* StartScene.sks in Resources */,
				F6211FF429909D3B006EF013 /* engine.mp3 in Resources */,
				F65F51512999E0CB000E3817 /* Dock51.ttf in Resources */,
				F6211FF229909D35006EF013 /* thunder.ogg in Resources */,
			);
			runOnlyForDeploymentPostprocessing = 0;
		};
		F61EE0B3297DF24B00ED0423 /* Resources */ = {
			isa = PBXResourcesBuildPhase;
			buildActionMask = 2147483647;
			files = (
			);
			runOnlyForDeploymentPostprocessing = 0;
		};
		F61EE0BD297DF24B00ED0423 /* Resources */ = {
			isa = PBXResourcesBuildPhase;
			buildActionMask = 2147483647;
			files = (
			);
			runOnlyForDeploymentPostprocessing = 0;
		};
/* End PBXResourcesBuildPhase section */

/* Begin PBXSourcesBuildPhase section */
		F61EE098297DF24B00ED0423 /* Sources */ = {
			isa = PBXSourcesBuildPhase;
			buildActionMask = 2147483647;
			files = (
				F6211FF82990A11E006EF013 /* ScoreManager.swift in Sources */,
				F61EE0EE297DF2FF00ED0423 /* GameObject.swift in Sources */,
				F6729A5829872D2600464472 /* Cloud.swift in Sources */,
				F61EE0F0297DF32D00ED0423 /* GameProtocol.swift in Sources */,
				F6211FF029909121006EF013 /* CollisionManager.swift in Sources */,
				F61EE0A6297DF24B00ED0423 /* GameScene.swift in Sources */,
				F6729A5629872BAE00464472 /* Layer.swift in Sources */,
				F61EE0A8297DF24B00ED0423 /* GameViewController.swift in Sources */,
				F65F51552999E4F7000E3817 /* EndScene.swift in Sources */,
				F65F514F2999D973000E3817 /* StartScene.swift in Sources */,
				F61EE0F4297DFDCE00ED0423 /* Player.swift in Sources */,
				F61EE0F2297DF49D00ED0423 /* Ocean.swift in Sources */,
				F6729A5A2987302B00464472 /* Island.swift in Sources */,
				F61EE0A0297DF24B00ED0423 /* AppDelegate.swift in Sources */,
			);
			runOnlyForDeploymentPostprocessing = 0;
		};
		F61EE0B1297DF24B00ED0423 /* Sources */ = {
			isa = PBXSourcesBuildPhase;
			buildActionMask = 2147483647;
			files = (
				F61EE0BA297DF24B00ED0423 /* Plane_GameTests.swift in Sources */,
			);
			runOnlyForDeploymentPostprocessing = 0;
		};
		F61EE0BB297DF24B00ED0423 /* Sources */ = {
			isa = PBXSourcesBuildPhase;
			buildActionMask = 2147483647;
			files = (
				F61EE0C4297DF24B00ED0423 /* Plane_GameUITests.swift in Sources */,
				F61EE0C6297DF24B00ED0423 /* Plane_GameUITestsLaunchTests.swift in Sources */,
			);
			runOnlyForDeploymentPostprocessing = 0;
		};
/* End PBXSourcesBuildPhase section */

/* Begin PBXTargetDependency section */
		F61EE0B7297DF24B00ED0423 /* PBXTargetDependency */ = {
			isa = PBXTargetDependency;
			target = F61EE09B297DF24B00ED0423 /* Plane Game */;
			targetProxy = F61EE0B6297DF24B00ED0423 /* PBXContainerItemProxy */;
		};
		F61EE0C1297DF24B00ED0423 /* PBXTargetDependency */ = {
			isa = PBXTargetDependency;
			target = F61EE09B297DF24B00ED0423 /* Plane Game */;
			targetProxy = F61EE0C0297DF24B00ED0423 /* PBXContainerItemProxy */;
		};
/* End PBXTargetDependency section */

/* Begin PBXVariantGroup section */
		F61EE0A9297DF24B00ED0423 /* Main.storyboard */ = {
			isa = PBXVariantGroup;
			children = (
				F61EE0AA297DF24B00ED0423 /* Base */,
			);
			name = Main.storyboard;
			sourceTree = "<group>";
		};
		F61EE0AE297DF24B00ED0423 /* LaunchScreen.storyboard */ = {
			isa = PBXVariantGroup;
			children = (
				F61EE0AF297DF24B00ED0423 /* Base */,
			);
			name = LaunchScreen.storyboard;
			sourceTree = "<group>";
		};
/* End PBXVariantGroup section */

/* Begin XCBuildConfiguration section */
		F61EE0C7297DF24B00ED0423 /* Debug */ = {
			isa = XCBuildConfiguration;
			buildSettings = {
				ALWAYS_SEARCH_USER_PATHS = NO;
				CLANG_ANALYZER_NONNULL = YES;
				CLANG_ANALYZER_NUMBER_OBJECT_CONVERSION = YES_AGGRESSIVE;
				CLANG_CXX_LANGUAGE_STANDARD = "gnu++20";
				CLANG_ENABLE_MODULES = YES;
				CLANG_ENABLE_OBJC_ARC = YES;
				CLANG_ENABLE_OBJC_WEAK = YES;
				CLANG_WARN_BLOCK_CAPTURE_AUTORELEASING = YES;
				CLANG_WARN_BOOL_CONVERSION = YES;
				CLANG_WARN_COMMA = YES;
				CLANG_WARN_CONSTANT_CONVERSION = YES;
				CLANG_WARN_DEPRECATED_OBJC_IMPLEMENTATIONS = YES;
				CLANG_WARN_DIRECT_OBJC_ISA_USAGE = YES_ERROR;
				CLANG_WARN_DOCUMENTATION_COMMENTS = YES;
				CLANG_WARN_EMPTY_BODY = YES;
				CLANG_WARN_ENUM_CONVERSION = YES;
				CLANG_WARN_INFINITE_RECURSION = YES;
				CLANG_WARN_INT_CONVERSION = YES;
				CLANG_WARN_NON_LITERAL_NULL_CONVERSION = YES;
				CLANG_WARN_OBJC_IMPLICIT_RETAIN_SELF = YES;
				CLANG_WARN_OBJC_LITERAL_CONVERSION = YES;
				CLANG_WARN_OBJC_ROOT_CLASS = YES_ERROR;
				CLANG_WARN_QUOTED_INCLUDE_IN_FRAMEWORK_HEADER = YES;
				CLANG_WARN_RANGE_LOOP_ANALYSIS = YES;
				CLANG_WARN_STRICT_PROTOTYPES = YES;
				CLANG_WARN_SUSPICIOUS_MOVE = YES;
				CLANG_WARN_UNGUARDED_AVAILABILITY = YES_AGGRESSIVE;
				CLANG_WARN_UNREACHABLE_CODE = YES;
				CLANG_WARN__DUPLICATE_METHOD_MATCH = YES;
				COPY_PHASE_STRIP = NO;
				DEBUG_INFORMATION_FORMAT = dwarf;
				ENABLE_STRICT_OBJC_MSGSEND = YES;
				ENABLE_TESTABILITY = YES;
				GCC_C_LANGUAGE_STANDARD = gnu11;
				GCC_DYNAMIC_NO_PIC = NO;
				GCC_NO_COMMON_BLOCKS = YES;
				GCC_OPTIMIZATION_LEVEL = 0;
				GCC_PREPROCESSOR_DEFINITIONS = (
					"DEBUG=1",
					"$(inherited)",
				);
				GCC_WARN_64_TO_32_BIT_CONVERSION = YES;
				GCC_WARN_ABOUT_RETURN_TYPE = YES_ERROR;
				GCC_WARN_UNDECLARED_SELECTOR = YES;
				GCC_WARN_UNINITIALIZED_AUTOS = YES_AGGRESSIVE;
				GCC_WARN_UNUSED_FUNCTION = YES;
				GCC_WARN_UNUSED_VARIABLE = YES;
				IPHONEOS_DEPLOYMENT_TARGET = 16.2;
				MTL_ENABLE_DEBUG_INFO = INCLUDE_SOURCE;
				MTL_FAST_MATH = YES;
				ONLY_ACTIVE_ARCH = YES;
				SDKROOT = iphoneos;
				SWIFT_ACTIVE_COMPILATION_CONDITIONS = DEBUG;
				SWIFT_OPTIMIZATION_LEVEL = "-Onone";
			};
			name = Debug;
		};
		F61EE0C8297DF24B00ED0423 /* Release */ = {
			isa = XCBuildConfiguration;
			buildSettings = {
				ALWAYS_SEARCH_USER_PATHS = NO;
				CLANG_ANALYZER_NONNULL = YES;
				CLANG_ANALYZER_NUMBER_OBJECT_CONVERSION = YES_AGGRESSIVE;
				CLANG_CXX_LANGUAGE_STANDARD = "gnu++20";
				CLANG_ENABLE_MODULES = YES;
				CLANG_ENABLE_OBJC_ARC = YES;
				CLANG_ENABLE_OBJC_WEAK = YES;
				CLANG_WARN_BLOCK_CAPTURE_AUTORELEASING = YES;
				CLANG_WARN_BOOL_CONVERSION = YES;
				CLANG_WARN_COMMA = YES;
				CLANG_WARN_CONSTANT_CONVERSION = YES;
				CLANG_WARN_DEPRECATED_OBJC_IMPLEMENTATIONS = YES;
				CLANG_WARN_DIRECT_OBJC_ISA_USAGE = YES_ERROR;
				CLANG_WARN_DOCUMENTATION_COMMENTS = YES;
				CLANG_WARN_EMPTY_BODY = YES;
				CLANG_WARN_ENUM_CONVERSION = YES;
				CLANG_WARN_INFINITE_RECURSION = YES;
				CLANG_WARN_INT_CONVERSION = YES;
				CLANG_WARN_NON_LITERAL_NULL_CONVERSION = YES;
				CLANG_WARN_OBJC_IMPLICIT_RETAIN_SELF = YES;
				CLANG_WARN_OBJC_LITERAL_CONVERSION = YES;
				CLANG_WARN_OBJC_ROOT_CLASS = YES_ERROR;
				CLANG_WARN_QUOTED_INCLUDE_IN_FRAMEWORK_HEADER = YES;
				CLANG_WARN_RANGE_LOOP_ANALYSIS = YES;
				CLANG_WARN_STRICT_PROTOTYPES = YES;
				CLANG_WARN_SUSPICIOUS_MOVE = YES;
				CLANG_WARN_UNGUARDED_AVAILABILITY = YES_AGGRESSIVE;
				CLANG_WARN_UNREACHABLE_CODE = YES;
				CLANG_WARN__DUPLICATE_METHOD_MATCH = YES;
				COPY_PHASE_STRIP = NO;
				DEBUG_INFORMATION_FORMAT = "dwarf-with-dsym";
				ENABLE_NS_ASSERTIONS = NO;
				ENABLE_STRICT_OBJC_MSGSEND = YES;
				GCC_C_LANGUAGE_STANDARD = gnu11;
				GCC_NO_COMMON_BLOCKS = YES;
				GCC_WARN_64_TO_32_BIT_CONVERSION = YES;
				GCC_WARN_ABOUT_RETURN_TYPE = YES_ERROR;
				GCC_WARN_UNDECLARED_SELECTOR = YES;
				GCC_WARN_UNINITIALIZED_AUTOS = YES_AGGRESSIVE;
				GCC_WARN_UNUSED_FUNCTION = YES;
				GCC_WARN_UNUSED_VARIABLE = YES;
				IPHONEOS_DEPLOYMENT_TARGET = 16.2;
				MTL_ENABLE_DEBUG_INFO = NO;
				MTL_FAST_MATH = YES;
				SDKROOT = iphoneos;
				SWIFT_COMPILATION_MODE = wholemodule;
				SWIFT_OPTIMIZATION_LEVEL = "-O";
				VALIDATE_PRODUCT = YES;
			};
			name = Release;
		};
		F61EE0CA297DF24B00ED0423 /* Debug */ = {
			isa = XCBuildConfiguration;
			buildSettings = {
				ASSETCATALOG_COMPILER_APPICON_NAME = AppIcon;
				ASSETCATALOG_COMPILER_GLOBAL_ACCENT_COLOR_NAME = AccentColor;
				CODE_SIGN_STYLE = Automatic;
				CURRENT_PROJECT_VERSION = 1;
				DEVELOPMENT_TEAM = SS742B69L7;
				GENERATE_INFOPLIST_FILE = YES;
				INFOPLIST_FILE = "Plane-Game-Info.plist";
				INFOPLIST_KEY_UIApplicationSupportsIndirectInputEvents = YES;
				INFOPLIST_KEY_UILaunchStoryboardName = LaunchScreen;
				INFOPLIST_KEY_UIMainStoryboardFile = Main;
				INFOPLIST_KEY_UIStatusBarHidden = YES;
				INFOPLIST_KEY_UISupportedInterfaceOrientations_iPad = "UIInterfaceOrientationPortrait UIInterfaceOrientationPortraitUpsideDown UIInterfaceOrientationLandscapeLeft UIInterfaceOrientationLandscapeRight";
				INFOPLIST_KEY_UISupportedInterfaceOrientations_iPhone = "UIInterfaceOrientationPortrait UIInterfaceOrientationLandscapeLeft UIInterfaceOrientationLandscapeRight";
				LD_RUNPATH_SEARCH_PATHS = (
					"$(inherited)",
					"@executable_path/Frameworks",
				);
				MARKETING_VERSION = 1.0;
				PRODUCT_BUNDLE_IDENTIFIER = "ca.centennialcollege.Plane-Game";
				PRODUCT_NAME = "$(TARGET_NAME)";
				SWIFT_EMIT_LOC_STRINGS = YES;
				SWIFT_VERSION = 5.0;
				TARGETED_DEVICE_FAMILY = "1,2";
			};
			name = Debug;
		};
		F61EE0CB297DF24B00ED0423 /* Release */ = {
			isa = XCBuildConfiguration;
			buildSettings = {
				ASSETCATALOG_COMPILER_APPICON_NAME = AppIcon;
				ASSETCATALOG_COMPILER_GLOBAL_ACCENT_COLOR_NAME = AccentColor;
				CODE_SIGN_STYLE = Automatic;
				CURRENT_PROJECT_VERSION = 1;
				DEVELOPMENT_TEAM = SS742B69L7;
				GENERATE_INFOPLIST_FILE = YES;
				INFOPLIST_FILE = "Plane-Game-Info.plist";
				INFOPLIST_KEY_UIApplicationSupportsIndirectInputEvents = YES;
				INFOPLIST_KEY_UILaunchStoryboardName = LaunchScreen;
				INFOPLIST_KEY_UIMainStoryboardFile = Main;
				INFOPLIST_KEY_UIStatusBarHidden = YES;
				INFOPLIST_KEY_UISupportedInterfaceOrientations_iPad = "UIInterfaceOrientationPortrait UIInterfaceOrientationPortraitUpsideDown UIInterfaceOrientationLandscapeLeft UIInterfaceOrientationLandscapeRight";
				INFOPLIST_KEY_UISupportedInterfaceOrientations_iPhone = "UIInterfaceOrientationPortrait UIInterfaceOrientationLandscapeLeft UIInterfaceOrientationLandscapeRight";
				LD_RUNPATH_SEARCH_PATHS = (
					"$(inherited)",
					"@executable_path/Frameworks",
				);
				MARKETING_VERSION = 1.0;
				PRODUCT_BUNDLE_IDENTIFIER = "ca.centennialcollege.Plane-Game";
				PRODUCT_NAME = "$(TARGET_NAME)";
				SWIFT_EMIT_LOC_STRINGS = YES;
				SWIFT_VERSION = 5.0;
				TARGETED_DEVICE_FAMILY = "1,2";
			};
			name = Release;
		};
		F61EE0CD297DF24B00ED0423 /* Debug */ = {
			isa = XCBuildConfiguration;
			buildSettings = {
				ALWAYS_EMBED_SWIFT_STANDARD_LIBRARIES = YES;
				BUNDLE_LOADER = "$(TEST_HOST)";
				CODE_SIGN_STYLE = Automatic;
				CURRENT_PROJECT_VERSION = 1;
				DEVELOPMENT_TEAM = SS742B69L7;
				GENERATE_INFOPLIST_FILE = YES;
				IPHONEOS_DEPLOYMENT_TARGET = 16.2;
				MARKETING_VERSION = 1.0;
				PRODUCT_BUNDLE_IDENTIFIER = "ca.centennialcollege.Plane-GameTests";
				PRODUCT_NAME = "$(TARGET_NAME)";
				SWIFT_EMIT_LOC_STRINGS = NO;
				SWIFT_VERSION = 5.0;
				TARGETED_DEVICE_FAMILY = "1,2";
				TEST_HOST = "$(BUILT_PRODUCTS_DIR)/Plane Game.app/$(BUNDLE_EXECUTABLE_FOLDER_PATH)/Plane Game";
			};
			name = Debug;
		};
		F61EE0CE297DF24B00ED0423 /* Release */ = {
			isa = XCBuildConfiguration;
			buildSettings = {
				ALWAYS_EMBED_SWIFT_STANDARD_LIBRARIES = YES;
				BUNDLE_LOADER = "$(TEST_HOST)";
				CODE_SIGN_STYLE = Automatic;
				CURRENT_PROJECT_VERSION = 1;
				DEVELOPMENT_TEAM = SS742B69L7;
				GENERATE_INFOPLIST_FILE = YES;
				IPHONEOS_DEPLOYMENT_TARGET = 16.2;
				MARKETING_VERSION = 1.0;
				PRODUCT_BUNDLE_IDENTIFIER = "ca.centennialcollege.Plane-GameTests";
				PRODUCT_NAME = "$(TARGET_NAME)";
				SWIFT_EMIT_LOC_STRINGS = NO;
				SWIFT_VERSION = 5.0;
				TARGETED_DEVICE_FAMILY = "1,2";
				TEST_HOST = "$(BUILT_PRODUCTS_DIR)/Plane Game.app/$(BUNDLE_EXECUTABLE_FOLDER_PATH)/Plane Game";
			};
			name = Release;
		};
		F61EE0D0297DF24B00ED0423 /* Debug */ = {
			isa = XCBuildConfiguration;
			buildSettings = {
				ALWAYS_EMBED_SWIFT_STANDARD_LIBRARIES = YES;
				CODE_SIGN_STYLE = Automatic;
				CURRENT_PROJECT_VERSION = 1;
				DEVELOPMENT_TEAM = SS742B69L7;
				GENERATE_INFOPLIST_FILE = YES;
				MARKETING_VERSION = 1.0;
				PRODUCT_BUNDLE_IDENTIFIER = "ca.centennialcollege.Plane-GameUITests";
				PRODUCT_NAME = "$(TARGET_NAME)";
				SWIFT_EMIT_LOC_STRINGS = NO;
				SWIFT_VERSION = 5.0;
				TARGETED_DEVICE_FAMILY = "1,2";
				TEST_TARGET_NAME = "Plane Game";
			};
			name = Debug;
		};
		F61EE0D1297DF24B00ED0423 /* Release */ = {
			isa = XCBuildConfiguration;
			buildSettings = {
				ALWAYS_EMBED_SWIFT_STANDARD_LIBRARIES = YES;
				CODE_SIGN_STYLE = Automatic;
				CURRENT_PROJECT_VERSION = 1;
				DEVELOPMENT_TEAM = SS742B69L7;
				GENERATE_INFOPLIST_FILE = YES;
				MARKETING_VERSION = 1.0;
				PRODUCT_BUNDLE_IDENTIFIER = "ca.centennialcollege.Plane-GameUITests";
				PRODUCT_NAME = "$(TARGET_NAME)";
				SWIFT_EMIT_LOC_STRINGS = NO;
				SWIFT_VERSION = 5.0;
				TARGETED_DEVICE_FAMILY = "1,2";
				TEST_TARGET_NAME = "Plane Game";
			};
			name = Release;
		};
/* End XCBuildConfiguration section */

/* Begin XCConfigurationList section */
		F61EE097297DF24B00ED0423 /* Build configuration list for PBXProject "Plane Game" */ = {
			isa = XCConfigurationList;
			buildConfigurations = (
				F61EE0C7297DF24B00ED0423 /* Debug */,
				F61EE0C8297DF24B00ED0423 /* Release */,
			);
			defaultConfigurationIsVisible = 0;
			defaultConfigurationName = Release;
		};
		F61EE0C9297DF24B00ED0423 /* Build configuration list for PBXNativeTarget "Plane Game" */ = {
			isa = XCConfigurationList;
			buildConfigurations = (
				F61EE0CA297DF24B00ED0423 /* Debug */,
				F61EE0CB297DF24B00ED0423 /* Release */,
			);
			defaultConfigurationIsVisible = 0;
			defaultConfigurationName = Release;
		};
		F61EE0CC297DF24B00ED0423 /* Build configuration list for PBXNativeTarget "Plane GameTests" */ = {
			isa = XCConfigurationList;
			buildConfigurations = (
				F61EE0CD297DF24B00ED0423 /* Debug */,
				F61EE0CE297DF24B00ED0423 /* Release */,
			);
			defaultConfigurationIsVisible = 0;
			defaultConfigurationName = Release;
		};
		F61EE0CF297DF24B00ED0423 /* Build configuration list for PBXNativeTarget "Plane GameUITests" */ = {
			isa = XCConfigurationList;
			buildConfigurations = (
				F61EE0D0297DF24B00ED0423 /* Debug */,
				F61EE0D1297DF24B00ED0423 /* Release */,
			);
			defaultConfigurationIsVisible = 0;
			defaultConfigurationName = Release;
		};
/* End XCConfigurationList section */
	};
	rootObject = F61EE094297DF24B00ED0423 /* Project object */;
}
